github.com/mattn/go-sqlite3 v1.10.0 h1:jbhqpg7tQe4SupckyijYiy0mJJ/pRyHvXf7JdWK860o=
github.com/mattn/go-sqlite3 v1.10.0/go.mod h1:FPy6KqzDD04eiIsT53CuJW3U88zkxoIYsOqkbpncsNc=
github.com/tilezen/go-tilepacks v0.0.0-20190513204042-3d9ddf3913d3 h1:1bdTXyESyEQyorL3yYXUq9tMJdC5kbut8iBI/9b+WgM=
github.com/tilezen/go-tilepacks v0.0.0-20190513204042-3d9ddf3913d3/go.mod h1:uDAtLNn6XQ8eSPKYT/4m9bfXcyZdeOc5JRLaOTeRlro=
